
Microsoft Visual Studio Solution File, Format Version 12.00
# Visual Studio 15
Project("{FAE04EC0-301F-11D3-BF4B-00C04F79EFBC}") = "Assembly-CSharp", "Assembly-CSharp.csproj", "{40472B68-8A56-7CEA-9852-9CF9907640B0}"
EndProject
Project("{FAE04EC0-301F-11D3-BF4B-00C04F79EFBC}") = "Assembly-CSharp-Editor", "Assembly-CSharp-Editor.csproj", "{D9AA56B6-3C8B-2C8C-763B-8FD6A6FCF8FC}"
EndProject
Global
	GlobalSection(SolutionConfigurationPlatforms) = preSolution
		Debug|Any CPU = Debug|Any CPU
		Release|Any CPU = Release|Any CPU
	EndGlobalSection
	GlobalSection(ProjectConfigurationPlatforms) = postSolution
		{40472B68-8A56-7CEA-9852-9CF9907640B0}.Debug|Any CPU.ActiveCfg = Debug|Any CPU
		{40472B68-8A56-7CEA-9852-9CF9907640B0}.Debug|Any CPU.Build.0 = Debug|Any CPU
		{40472B68-8A56-7CEA-9852-9CF9907640B0}.Release|Any CPU.ActiveCfg = Release|Any CPU
		{40472B68-8A56-7CEA-9852-9CF9907640B0}.Release|Any CPU.Build.0 = Release|Any CPU
		{D9AA56B6-3C8B-2C8C-763B-8FD6A6FCF8FC}.Debug|Any CPU.ActiveCfg = Debug|Any CPU
		{D9AA56B6-3C8B-2C8C-763B-8FD6A6FCF8FC}.Debug|Any CPU.Build.0 = Debug|Any CPU
		{D9AA56B6-3C8B-2C8C-763B-8FD6A6FCF8FC}.Release|Any CPU.ActiveCfg = Release|Any CPU
		{D9AA56B6-3C8B-2C8C-763B-8FD6A6FCF8FC}.Release|Any CPU.Build.0 = Release|Any CPU
	EndGlobalSection
	GlobalSection(SolutionProperties) = preSolution
		HideSolutionNode = FALSE
	EndGlobalSection
EndGlobal
